
Microsoft Visual Studio Solution File, Format Version 12.00
# Visual Studio Version 17
VisualStudioVersion = 17.3.32901.215
MinimumVisualStudioVersion = 10.0.40219.1
Project("{FAE04EC0-301F-11D3-BF4B-00C04F79EFBC}") = "FinalTaskPattern", "FinalTaskPattern\FinalTaskPattern.csproj", "{456B5F54-A3D4-4890-8D46-F299047EEAAC}"
EndProject
Global
	GlobalSection(SolutionConfigurationPlatforms) = preSolution
		Debug|Any CPU = Debug|Any CPU
		Release|Any CPU = Release|Any CPU
	EndGlobalSection
	GlobalSection(ProjectConfigurationPlatforms) = postSolution
		{456B5F54-A3D4-4890-8D46-F299047EEAAC}.Debug|Any CPU.ActiveCfg = Debug|Any CPU
		{456B5F54-A3D4-4890-8D46-F299047EEAAC}.Debug|Any CPU.Build.0 = Debug|Any CPU
		{456B5F54-A3D4-4890-8D46-F299047EEAAC}.Release|Any CPU.ActiveCfg = Release|Any CPU
		{456B5F54-A3D4-4890-8D46-F299047EEAAC}.Release|Any CPU.Build.0 = Release|Any CPU
	EndGlobalSection
	GlobalSection(SolutionProperties) = preSolution
		HideSolutionNode = FALSE
	EndGlobalSection
	GlobalSection(ExtensibilityGlobals) = postSolution
		SolutionGuid = {654601BF-7621-4ED5-802E-70534C013BEA}
	EndGlobalSection
EndGlobal
